<Solution>
  <Folder Name="/src/">
    <Project Path="src/TiaOpenness.Bridge/TiaOpenness.Bridge.csproj" />
    <Project Path="src/TiaOpenness.Client/TiaOpenness.Client.csproj" />
    <Project Path="src/TiaOpenness.Contracts/TiaOpenness.Contracts.csproj" />
    <Project Path="src/TiaOpenness.Core/TiaOpenness.Core.csproj" />
    <Project Path="src/TiaOpenness.Gui/TiaOpenness.Gui.csproj" />
    <Project Path="src/TiaOpenness.Mcp/TiaOpenness.Mcp.csproj" />
  </Folder>
  <Folder Name="/tests/">
    <Project Path="tests/TiaOpenness.Core.Tests/TiaOpenness.Core.Tests.csproj" />
    <Project Path="tests/TiaOpenness.Gui.Tests/TiaOpenness.Gui.Tests.csproj" />
  </Folder>
</Solution>
